{
  "requires": true,
  "lockfileVersion": 1,
  "dependencies": {
    "chartist-plugin-legend": {
      "version": "0.6.2",
      "resolved": "https://registry.npmjs.org/chartist-plugin-legend/-/chartist-plugin-legend-0.6.2.tgz",
      "integrity": "sha512-GKDgbY1JmeizWboebQO+cx/W7+0f3PcccRoKXtptqUw9ZxzT7+4eD+FCc8JS3d1AgDsJ8nndbueyEDuWDwXVIg=="
    }
  }
}
